// !$*UTF8*$!
{
	archiveVersion = 1;
	classes = {
	};
	objectVersion = 48;
	objects = {

/* Begin PBXBuildFile section */
		4A70F9271FA401DD000D2720 /* AppDelegate.m in Sources */ = {isa = PBXBuildFile; fileRef = 4A70F9261FA401DD000D2720 /* AppDelegate.m */; };
		4A70F92F1FA401DD000D2720 /* Assets.xcassets in Resources */ = {isa = PBXBuildFile; fileRef = 4A70F92E1FA401DD000D2720 /* Assets.xcassets */; };
		4A70F9351FA401DD000D2720 /* main.m in Sources */ = {isa = PBXBuildFile; fileRef = 4A70F9341FA401DD000D2720 /* main.m */; };
		4A70F93E1FA406FE000D2720 /* SBTool.m in Sources */ = {isa = PBXBuildFile; fileRef = 4A70F93D1FA406FE000D2720 /* SBTool.m */; };
		4A70F9451FA407DF000D2720 /* AppDelegate+RootView.m in Sources */ = {isa = PBXBuildFile; fileRef = 4A70F9441FA407DF000D2720 /* AppDelegate+RootView.m */; };
		4A70F9491FA40A6B000D2720 /* ProfileListViewController.m in Sources */ = {isa = PBXBuildFile; fileRef = 4A70F9481FA40A6B000D2720 /* ProfileListViewController.m */; };
		4A70F94F1FABCCC5000D2720 /* SCMobile.podspec in Resources */ = {isa = PBXBuildFile; fileRef = 4A70F94E1FABCCC5000D2720 /* SCMobile.podspec */; };
		4A70F9541FABEB9E000D2720 /* SCModuleManager.m in Sources */ = {isa = PBXBuildFile; fileRef = 4A70F9531FABEB9E000D2720 /* SCModuleManager.m */; };
		4A70F9571FABEBC8000D2720 /* SCModule.m in Sources */ = {isa = PBXBuildFile; fileRef = 4A70F9561FABEBC8000D2720 /* SCModule.m */; };
		4A70F95B1FABECBF000D2720 /* MobileService.m in Sources */ = {isa = PBXBuildFile; fileRef = 4A70F95A1FABECBF000D2720 /* MobileService.m */; };
		4A7A101B1FBCD6C700B1127E /* EmotionModule.m in Sources */ = {isa = PBXBuildFile; fileRef = 4A7A101A1FBCD6C700B1127E /* EmotionModule.m */; };
		4AE272501FAD92BC009A189D /* ProfileCollectionViewCell.m in Sources */ = {isa = PBXBuildFile; fileRef = 4AE2724F1FAD92BC009A189D /* ProfileCollectionViewCell.m */; };
		4AE272531FAECB38009A189D /* UIColor+Util.m in Sources */ = {isa = PBXBuildFile; fileRef = 4AE272521FAECB38009A189D /* UIColor+Util.m */; };
		4AE272571FAECF29009A189D /* Localizable.strings in Resources */ = {isa = PBXBuildFile; fileRef = 4AE272591FAECF29009A189D /* Localizable.strings */; };
		4AE2725D1FAEE558009A189D /* AvatarListViewController.m in Sources */ = {isa = PBXBuildFile; fileRef = 4AE2725C1FAEE558009A189D /* AvatarListViewController.m */; };
		4AE272601FAEE5A3009A189D /* AvatarCollectionViewCell.m in Sources */ = {isa = PBXBuildFile; fileRef = 4AE2725F1FAEE5A3009A189D /* AvatarCollectionViewCell.m */; };
		4AF8F4A51FAF020600494D4A /* SBUser.m in Sources */ = {isa = PBXBuildFile; fileRef = 4AF8F4A41FAF020600494D4A /* SBUser.m */; };
		4AF8F4A91FAFEEE500494D4A /* AppDelegate+Notification.m in Sources */ = {isa = PBXBuildFile; fileRef = 4AF8F4A81FAFEEE500494D4A /* AppDelegate+Notification.m */; };
		4AF8F4AB1FAFF4CD00494D4A /* UserNotifications.framework in Frameworks */ = {isa = PBXBuildFile; fileRef = 4AF8F4AA1FAFF4CD00494D4A /* UserNotifications.framework */; };
		4AF8F4B11FB0028200494D4A /* ChatbotViewController.m in Sources */ = {isa = PBXBuildFile; fileRef = 4AF8F4B01FB0028200494D4A /* ChatbotViewController.m */; };
		4AF8F4B51FB0045700494D4A /* DialogflowModule.m in Sources */ = {isa = PBXBuildFile; fileRef = 4AF8F4B41FB0045700494D4A /* DialogflowModule.m */; };
		4AF8F4BB1FB131A400494D4A /* SpeechRecognitionModule.m in Sources */ = {isa = PBXBuildFile; fileRef = 4AF8F4BA1FB131A400494D4A /* SpeechRecognitionModule.m */; };
		4AF8F4BD1FB1329300494D4A /* iflyMSC.framework in Frameworks */ = {isa = PBXBuildFile; fileRef = 4AF8F4BC1FB1329300494D4A /* iflyMSC.framework */; };
		4AF8F4BF1FB1338B00494D4A /* AVFoundation.framework in Frameworks */ = {isa = PBXBuildFile; fileRef = 4AF8F4BE1FB1338B00494D4A /* AVFoundation.framework */; };
		4AF8F4C11FB1339300494D4A /* SystemConfiguration.framework in Frameworks */ = {isa = PBXBuildFile; fileRef = 4AF8F4C01FB1339200494D4A /* SystemConfiguration.framework */; };
		4AF8F4C31FB1339C00494D4A /* Foundation.framework in Frameworks */ = {isa = PBXBuildFile; fileRef = 4AF8F4C21FB1339C00494D4A /* Foundation.framework */; };
		4AF8F4C51FB133A300494D4A /* CoreTelephony.framework in Frameworks */ = {isa = PBXBuildFile; fileRef = 4AF8F4C41FB133A300494D4A /* CoreTelephony.framework */; };
		4AF8F4C71FB133AC00494D4A /* AudioToolbox.framework in Frameworks */ = {isa = PBXBuildFile; fileRef = 4AF8F4C61FB133AC00494D4A /* AudioToolbox.framework */; };
		4AF8F4C91FB133B700494D4A /* UIKit.framework in Frameworks */ = {isa = PBXBuildFile; fileRef = 4AF8F4C81FB133B700494D4A /* UIKit.framework */; };
		4AF8F4CB1FB133BF00494D4A /* CoreLocation.framework in Frameworks */ = {isa = PBXBuildFile; fileRef = 4AF8F4CA1FB133BF00494D4A /* CoreLocation.framework */; };
		4AF8F4CD1FB133C700494D4A /* Contacts.framework in Frameworks */ = {isa = PBXBuildFile; fileRef = 4AF8F4CC1FB133C700494D4A /* Contacts.framework */; };
		4AF8F4CF1FB133CF00494D4A /* AddressBook.framework in Frameworks */ = {isa = PBXBuildFile; fileRef = 4AF8F4CE1FB133CF00494D4A /* AddressBook.framework */; };
		4AF8F4D11FB133CF00494D4A /* QuartzCore.framework in Frameworks */ = {isa = PBXBuildFile; fileRef = 4AF8F4D01FB133CF00494D4A /* QuartzCore.framework */; };
		4AF8F4D31FB133DC00494D4A /* CoreGraphics.framework in Frameworks */ = {isa = PBXBuildFile; fileRef = 4AF8F4D21FB133DC00494D4A /* CoreGraphics.framework */; };
		4AF8F4D71FB1413900494D4A /* ISRDataHelper.m in Sources */ = {isa = PBXBuildFile; fileRef = 4AF8F4D61FB1413900494D4A /* ISRDataHelper.m */; };
		4AF8F4F11FB51F7E00494D4A /* SpeechSynthesizerModule.m in Sources */ = {isa = PBXBuildFile; fileRef = 4AF8F4F01FB51F7E00494D4A /* SpeechSynthesizerModule.m */; };
		4AF8F4F61FB5210200494D4A /* PcmPlayer.m in Sources */ = {isa = PBXBuildFile; fileRef = 4AF8F4F51FB5210200494D4A /* PcmPlayer.m */; };
		7DE80C5EC1DA5E3E12081CD6 /* libPods-SlugBot.a in Frameworks */ = {isa = PBXBuildFile; fileRef = E2C2FA99855F22EEE0319416 /* libPods-SlugBot.a */; };
/* End PBXBuildFile section */

/* Begin PBXFileReference section */
		4A70F9221FA401DD000D2720 /* SlugBot.app */ = {isa = PBXFileReference; explicitFileType = wrapper.application; includeInIndex = 0; path = SlugBot.app; sourceTree = BUILT_PRODUCTS_DIR; };
		4A70F9251FA401DD000D2720 /* AppDelegate.h */ = {isa = PBXFileReference; lastKnownFileType = sourcecode.c.h; path = AppDelegate.h; sourceTree = "<group>"; };
		4A70F9261FA401DD000D2720 /* AppDelegate.m */ = {isa = PBXFileReference; lastKnownFileType = sourcecode.c.objc; path = AppDelegate.m; sourceTree = "<group>"; };
		4A70F92E1FA401DD000D2720 /* Assets.xcassets */ = {isa = PBXFileReference; lastKnownFileType = folder.assetcatalog; path = Assets.xcassets; sourceTree = "<group>"; };
		4A70F9331FA401DD000D2720 /* Info.plist */ = {isa = PBXFileReference; lastKnownFileType = text.plist.xml; path = Info.plist; sourceTree = "<group>"; };
		4A70F9341FA401DD000D2720 /* main.m */ = {isa = PBXFileReference; lastKnownFileType = sourcecode.c.objc; path = main.m; sourceTree = "<group>"; };
		4A70F93C1FA406FE000D2720 /* SBTool.h */ = {isa = PBXFileReference; lastKnownFileType = sourcecode.c.h; path = SBTool.h; sourceTree = "<group>"; };
		4A70F93D1FA406FE000D2720 /* SBTool.m */ = {isa = PBXFileReference; lastKnownFileType = sourcecode.c.objc; path = SBTool.m; sourceTree = "<group>"; };
		4A70F93F1FA40712000D2720 /* Header.h */ = {isa = PBXFileReference; lastKnownFileType = sourcecode.c.h; path = Header.h; sourceTree = "<group>"; };
		4A70F9431FA407DF000D2720 /* AppDelegate+RootView.h */ = {isa = PBXFileReference; lastKnownFileType = sourcecode.c.h; path = "AppDelegate+RootView.h"; sourceTree = "<group>"; };
		4A70F9441FA407DF000D2720 /* AppDelegate+RootView.m */ = {isa = PBXFileReference; lastKnownFileType = sourcecode.c.objc; path = "AppDelegate+RootView.m"; sourceTree = "<group>"; };
		4A70F9471FA40A6B000D2720 /* ProfileListViewController.h */ = {isa = PBXFileReference; lastKnownFileType = sourcecode.c.h; path = ProfileListViewController.h; sourceTree = "<group>"; };
		4A70F9481FA40A6B000D2720 /* ProfileListViewController.m */ = {isa = PBXFileReference; lastKnownFileType = sourcecode.c.objc; path = ProfileListViewController.m; sourceTree = "<group>"; };
		4A70F94E1FABCCC5000D2720 /* SCMobile.podspec */ = {isa = PBXFileReference; lastKnownFileType = text; path = SCMobile.podspec; sourceTree = "<group>"; };
		4A70F9521FABEB9E000D2720 /* SCModuleManager.h */ = {isa = PBXFileReference; lastKnownFileType = sourcecode.c.h; path = SCModuleManager.h; sourceTree = "<group>"; };
		4A70F9531FABEB9E000D2720 /* SCModuleManager.m */ = {isa = PBXFileReference; lastKnownFileType = sourcecode.c.objc; path = SCModuleManager.m; sourceTree = "<group>"; };
		4A70F9551FABEBC8000D2720 /* SCModule.h */ = {isa = PBXFileReference; lastKnownFileType = sourcecode.c.h; path = SCModule.h; sourceTree = "<group>"; };
		4A70F9561FABEBC8000D2720 /* SCModule.m */ = {isa = PBXFileReference; lastKnownFileType = sourcecode.c.objc; path = SCModule.m; sourceTree = "<group>"; };
		4A70F9591FABECBF000D2720 /* MobileService.h */ = {isa = PBXFileReference; lastKnownFileType = sourcecode.c.h; path = MobileService.h; sourceTree = "<group>"; };
		4A70F95A1FABECBF000D2720 /* MobileService.m */ = {isa = PBXFileReference; lastKnownFileType = sourcecode.c.objc; path = MobileService.m; sourceTree = "<group>"; };
		4A7A10191FBCD6C700B1127E /* EmotionModule.h */ = {isa = PBXFileReference; lastKnownFileType = sourcecode.c.h; path = EmotionModule.h; sourceTree = "<group>"; };
		4A7A101A1FBCD6C700B1127E /* EmotionModule.m */ = {isa = PBXFileReference; lastKnownFileType = sourcecode.c.objc; path = EmotionModule.m; sourceTree = "<group>"; };
		4A7A101C1FBCD7D100B1127E /* EmotionDelegate.h */ = {isa = PBXFileReference; lastKnownFileType = sourcecode.c.h; path = EmotionDelegate.h; sourceTree = "<group>"; };
		4AE2724E1FAD92BC009A189D /* ProfileCollectionViewCell.h */ = {isa = PBXFileReference; lastKnownFileType = sourcecode.c.h; path = ProfileCollectionViewCell.h; sourceTree = "<group>"; };
		4AE2724F1FAD92BC009A189D /* ProfileCollectionViewCell.m */ = {isa = PBXFileReference; lastKnownFileType = sourcecode.c.objc; path = ProfileCollectionViewCell.m; sourceTree = "<group>"; };
		4AE272511FAECB38009A189D /* UIColor+Util.h */ = {isa = PBXFileReference; lastKnownFileType = sourcecode.c.h; path = "UIColor+Util.h"; sourceTree = "<group>"; };
		4AE272521FAECB38009A189D /* UIColor+Util.m */ = {isa = PBXFileReference; lastKnownFileType = sourcecode.c.objc; path = "UIColor+Util.m"; sourceTree = "<group>"; };
		4AE272581FAECF29009A189D /* en */ = {isa = PBXFileReference; lastKnownFileType = text.plist.strings; name = en; path = en.lproj/Localizable.strings; sourceTree = "<group>"; };
		4AE2725A1FAECF3F009A189D /* zh-Hans */ = {isa = PBXFileReference; lastKnownFileType = text.plist.strings; name = "zh-Hans"; path = "zh-Hans.lproj/Localizable.strings"; sourceTree = "<group>"; };
		4AE2725B1FAEE558009A189D /* AvatarListViewController.h */ = {isa = PBXFileReference; lastKnownFileType = sourcecode.c.h; path = AvatarListViewController.h; sourceTree = "<group>"; };
		4AE2725C1FAEE558009A189D /* AvatarListViewController.m */ = {isa = PBXFileReference; lastKnownFileType = sourcecode.c.objc; path = AvatarListViewController.m; sourceTree = "<group>"; };
		4AE2725E1FAEE5A3009A189D /* AvatarCollectionViewCell.h */ = {isa = PBXFileReference; lastKnownFileType = sourcecode.c.h; path = AvatarCollectionViewCell.h; sourceTree = "<group>"; };
		4AE2725F1FAEE5A3009A189D /* AvatarCollectionViewCell.m */ = {isa = PBXFileReference; lastKnownFileType = sourcecode.c.objc; path = AvatarCollectionViewCell.m; sourceTree = "<group>"; };
		4AF8F4A31FAF020600494D4A /* SBUser.h */ = {isa = PBXFileReference; lastKnownFileType = sourcecode.c.h; path = SBUser.h; sourceTree = "<group>"; };
		4AF8F4A41FAF020600494D4A /* SBUser.m */ = {isa = PBXFileReference; lastKnownFileType = sourcecode.c.objc; path = SBUser.m; sourceTree = "<group>"; };
		4AF8F4A61FAFEE9A00494D4A /* SlugBot.entitlements */ = {isa = PBXFileReference; lastKnownFileType = text.plist.entitlements; path = SlugBot.entitlements; sourceTree = "<group>"; };
		4AF8F4A71FAFEEE500494D4A /* AppDelegate+Notification.h */ = {isa = PBXFileReference; lastKnownFileType = sourcecode.c.h; path = "AppDelegate+Notification.h"; sourceTree = "<group>"; };
		4AF8F4A81FAFEEE500494D4A /* AppDelegate+Notification.m */ = {isa = PBXFileReference; lastKnownFileType = sourcecode.c.objc; path = "AppDelegate+Notification.m"; sourceTree = "<group>"; };
		4AF8F4AA1FAFF4CD00494D4A /* UserNotifications.framework */ = {isa = PBXFileReference; lastKnownFileType = wrapper.framework; name = UserNotifications.framework; path = System/Library/Frameworks/UserNotifications.framework; sourceTree = SDKROOT; };
		4AF8F4AF1FB0028200494D4A /* ChatbotViewController.h */ = {isa = PBXFileReference; lastKnownFileType = sourcecode.c.h; path = ChatbotViewController.h; sourceTree = "<group>"; };
		4AF8F4B01FB0028200494D4A /* ChatbotViewController.m */ = {isa = PBXFileReference; lastKnownFileType = sourcecode.c.objc; path = ChatbotViewController.m; sourceTree = "<group>"; };
		4AF8F4B31FB0045700494D4A /* DialogflowModule.h */ = {isa = PBXFileReference; lastKnownFileType = sourcecode.c.h; path = DialogflowModule.h; sourceTree = "<group>"; };
		4AF8F4B41FB0045700494D4A /* DialogflowModule.m */ = {isa = PBXFileReference; lastKnownFileType = sourcecode.c.objc; path = DialogflowModule.m; sourceTree = "<group>"; };
		4AF8F4B91FB131A400494D4A /* SpeechRecognitionModule.h */ = {isa = PBXFileReference; lastKnownFileType = sourcecode.c.h; path = SpeechRecognitionModule.h; sourceTree = "<group>"; };
		4AF8F4BA1FB131A400494D4A /* SpeechRecognitionModule.m */ = {isa = PBXFileReference; lastKnownFileType = sourcecode.c.objc; path = SpeechRecognitionModule.m; sourceTree = "<group>"; };
		4AF8F4BC1FB1329300494D4A /* iflyMSC.framework */ = {isa = PBXFileReference; lastKnownFileType = wrapper.framework; path = iflyMSC.framework; sourceTree = "<group>"; };
		4AF8F4BE1FB1338B00494D4A /* AVFoundation.framework */ = {isa = PBXFileReference; lastKnownFileType = wrapper.framework; name = AVFoundation.framework; path = System/Library/Frameworks/AVFoundation.framework; sourceTree = SDKROOT; };
		4AF8F4C01FB1339200494D4A /* SystemConfiguration.framework */ = {isa = PBXFileReference; lastKnownFileType = wrapper.framework; name = SystemConfiguration.framework; path = System/Library/Frameworks/SystemConfiguration.framework; sourceTree = SDKROOT; };
		4AF8F4C21FB1339C00494D4A /* Foundation.framework */ = {isa = PBXFileReference; lastKnownFileType = wrapper.framework; name = Foundation.framework; path = System/Library/Frameworks/Foundation.framework; sourceTree = SDKROOT; };
		4AF8F4C41FB133A300494D4A /* CoreTelephony.framework */ = {isa = PBXFileReference; lastKnownFileType = wrapper.framework; name = CoreTelephony.framework; path = System/Library/Frameworks/CoreTelephony.framework; sourceTree = SDKROOT; };
		4AF8F4C61FB133AC00494D4A /* AudioToolbox.framework */ = {isa = PBXFileReference; lastKnownFileType = wrapper.framework; name = AudioToolbox.framework; path = System/Library/Frameworks/AudioToolbox.framework; sourceTree = SDKROOT; };
		4AF8F4C81FB133B700494D4A /* UIKit.framework */ = {isa = PBXFileReference; lastKnownFileType = wrapper.framework; name = UIKit.framework; path = System/Library/Frameworks/UIKit.framework; sourceTree = SDKROOT; };
		4AF8F4CA1FB133BF00494D4A /* CoreLocation.framework */ = {isa = PBXFileReference; lastKnownFileType = wrapper.framework; name = CoreLocation.framework; path = System/Library/Frameworks/CoreLocation.framework; sourceTree = SDKROOT; };
		4AF8F4CC1FB133C700494D4A /* Contacts.framework */ = {isa = PBXFileReference; lastKnownFileType = wrapper.framework; name = Contacts.framework; path = System/Library/Frameworks/Contacts.framework; sourceTree = SDKROOT; };
		4AF8F4CE1FB133CF00494D4A /* AddressBook.framework */ = {isa = PBXFileReference; lastKnownFileType = wrapper.framework; name = AddressBook.framework; path = System/Library/Frameworks/AddressBook.framework; sourceTree = SDKROOT; };
		4AF8F4D01FB133CF00494D4A /* QuartzCore.framework */ = {isa = PBXFileReference; lastKnownFileType = wrapper.framework; name = QuartzCore.framework; path = System/Library/Frameworks/QuartzCore.framework; sourceTree = SDKROOT; };
		4AF8F4D21FB133DC00494D4A /* CoreGraphics.framework */ = {isa = PBXFileReference; lastKnownFileType = wrapper.framework; name = CoreGraphics.framework; path = System/Library/Frameworks/CoreGraphics.framework; sourceTree = SDKROOT; };
		4AF8F4D41FB136A400494D4A /* SpeechRecognizerDelegate.h */ = {isa = PBXFileReference; lastKnownFileType = sourcecode.c.h; path = SpeechRecognizerDelegate.h; sourceTree = "<group>"; };
		4AF8F4D51FB1413900494D4A /* ISRDataHelper.h */ = {isa = PBXFileReference; lastKnownFileType = sourcecode.c.h; path = ISRDataHelper.h; sourceTree = "<group>"; };
		4AF8F4D61FB1413900494D4A /* ISRDataHelper.m */ = {isa = PBXFileReference; lastKnownFileType = sourcecode.c.objc; path = ISRDataHelper.m; sourceTree = "<group>"; };
		4AF8F4EF1FB51F7E00494D4A /* SpeechSynthesizerModule.h */ = {isa = PBXFileReference; lastKnownFileType = sourcecode.c.h; path = SpeechSynthesizerModule.h; sourceTree = "<group>"; };
		4AF8F4F01FB51F7E00494D4A /* SpeechSynthesizerModule.m */ = {isa = PBXFileReference; lastKnownFileType = sourcecode.c.objc; path = SpeechSynthesizerModule.m; sourceTree = "<group>"; };
		4AF8F4F31FB5210200494D4A /* PcmPlayer.h */ = {isa = PBXFileReference; fileEncoding = 4; lastKnownFileType = sourcecode.c.h; path = PcmPlayer.h; sourceTree = "<group>"; };
		4AF8F4F41FB5210200494D4A /* PcmPlayerDelegate.h */ = {isa = PBXFileReference; fileEncoding = 4; lastKnownFileType = sourcecode.c.h; path = PcmPlayerDelegate.h; sourceTree = "<group>"; };
		4AF8F4F51FB5210200494D4A /* PcmPlayer.m */ = {isa = PBXFileReference; fileEncoding = 4; lastKnownFileType = sourcecode.c.objc; path = PcmPlayer.m; sourceTree = "<group>"; };
		4AF8F4F71FB59AC700494D4A /* SpeechSynthesizerDelegate.h */ = {isa = PBXFileReference; lastKnownFileType = sourcecode.c.h; path = SpeechSynthesizerDelegate.h; sourceTree = "<group>"; };
		6CCB0B29F5E74A10A582CD5F /* Pods-SlugBot.release.xcconfig */ = {isa = PBXFileReference; includeInIndex = 1; lastKnownFileType = text.xcconfig; name = "Pods-SlugBot.release.xcconfig"; path = "Pods/Target Support Files/Pods-SlugBot/Pods-SlugBot.release.xcconfig"; sourceTree = "<group>"; };
		E2C2FA99855F22EEE0319416 /* libPods-SlugBot.a */ = {isa = PBXFileReference; explicitFileType = archive.ar; includeInIndex = 0; path = "libPods-SlugBot.a"; sourceTree = BUILT_PRODUCTS_DIR; };
		F446648B3210D39850A494F2 /* Pods-SlugBot.debug.xcconfig */ = {isa = PBXFileReference; includeInIndex = 1; lastKnownFileType = text.xcconfig; name = "Pods-SlugBot.debug.xcconfig"; path = "Pods/Target Support Files/Pods-SlugBot/Pods-SlugBot.debug.xcconfig"; sourceTree = "<group>"; };
/* End PBXFileReference section */

/* Begin PBXFrameworksBuildPhase section */
		4A70F91F1FA401DD000D2720 /* Frameworks */ = {
			isa = PBXFrameworksBuildPhase;
			buildActionMask = 2147483647;
			files = (
				4AF8F4D31FB133DC00494D4A /* CoreGraphics.framework in Frameworks */,
				4AF8F4D11FB133CF00494D4A /* QuartzCore.framework in Frameworks */,
				4AF8F4CF1FB133CF00494D4A /* AddressBook.framework in Frameworks */,
				4AF8F4CD1FB133C700494D4A /* Contacts.framework in Frameworks */,
				4AF8F4CB1FB133BF00494D4A /* CoreLocation.framework in Frameworks */,
				4AF8F4C91FB133B700494D4A /* UIKit.framework in Frameworks */,
				4AF8F4C71FB133AC00494D4A /* AudioToolbox.framework in Frameworks */,
				4AF8F4C51FB133A300494D4A /* CoreTelephony.framework in Frameworks */,
				4AF8F4C31FB1339C00494D4A /* Foundation.framework in Frameworks */,
				4AF8F4C11FB1339300494D4A /* SystemConfiguration.framework in Frameworks */,
				4AF8F4BF1FB1338B00494D4A /* AVFoundation.framework in Frameworks */,
				4AF8F4BD1FB1329300494D4A /* iflyMSC.framework in Frameworks */,
				4AF8F4AB1FAFF4CD00494D4A /* UserNotifications.framework in Frameworks */,
				7DE80C5EC1DA5E3E12081CD6 /* libPods-SlugBot.a in Frameworks */,
			);
			runOnlyForDeploymentPostprocessing = 0;
		};
/* End PBXFrameworksBuildPhase section */

/* Begin PBXGroup section */
		3782F504CB1BF53D8AF4AF0F /* Pods */ = {
			isa = PBXGroup;
			children = (
				F446648B3210D39850A494F2 /* Pods-SlugBot.debug.xcconfig */,
				6CCB0B29F5E74A10A582CD5F /* Pods-SlugBot.release.xcconfig */,
			);
			name = Pods;
			sourceTree = "<group>";
		};
		4A70F9191FA401DD000D2720 = {
			isa = PBXGroup;
			children = (
				4A70F94E1FABCCC5000D2720 /* SCMobile.podspec */,
				4A70F9241FA401DD000D2720 /* SlugBot */,
				4A70F9231FA401DD000D2720 /* Products */,
				3782F504CB1BF53D8AF4AF0F /* Pods */,
				A15974F31C4F42C15758444A /* Frameworks */,
			);
			sourceTree = "<group>";
		};
		4A70F9231FA401DD000D2720 /* Products */ = {
			isa = PBXGroup;
			children = (
				4A70F9221FA401DD000D2720 /* SlugBot.app */,
			);
			name = Products;
			sourceTree = "<group>";
		};
		4A70F9241FA401DD000D2720 /* SlugBot */ = {
			isa = PBXGroup;
			children = (
				4AF8F4A61FAFEE9A00494D4A /* SlugBot.entitlements */,
				4AE2724D1FAD8F39009A189D /* View */,
				4A70F9501FABEB78000D2720 /* Modules */,
				4A70F9461FA40A33000D2720 /* ViewController */,
				4A70F93B1FA406C1000D2720 /* Util */,
				4A70F9251FA401DD000D2720 /* AppDelegate.h */,
				4A70F9261FA401DD000D2720 /* AppDelegate.m */,
				4A70F92E1FA401DD000D2720 /* Assets.xcassets */,
				4A70F9331FA401DD000D2720 /* Info.plist */,
				4A70F9341FA401DD000D2720 /* main.m */,
				4A70F93F1FA40712000D2720 /* Header.h */,
				4AE272591FAECF29009A189D /* Localizable.strings */,
			);
			path = SlugBot;
			sourceTree = "<group>";
		};
		4A70F93B1FA406C1000D2720 /* Util */ = {
			isa = PBXGroup;
			children = (
				4A70F93C1FA406FE000D2720 /* SBTool.h */,
				4A70F93D1FA406FE000D2720 /* SBTool.m */,
				4A70F9431FA407DF000D2720 /* AppDelegate+RootView.h */,
				4A70F9441FA407DF000D2720 /* AppDelegate+RootView.m */,
				4AE272511FAECB38009A189D /* UIColor+Util.h */,
				4AE272521FAECB38009A189D /* UIColor+Util.m */,
				4AF8F4A31FAF020600494D4A /* SBUser.h */,
				4AF8F4A41FAF020600494D4A /* SBUser.m */,
				4AF8F4A71FAFEEE500494D4A /* AppDelegate+Notification.h */,
				4AF8F4A81FAFEEE500494D4A /* AppDelegate+Notification.m */,
			);
			path = Util;
			sourceTree = "<group>";
		};
		4A70F9461FA40A33000D2720 /* ViewController */ = {
			isa = PBXGroup;
			children = (
				4A70F9471FA40A6B000D2720 /* ProfileListViewController.h */,
				4A70F9481FA40A6B000D2720 /* ProfileListViewController.m */,
				4AE2725B1FAEE558009A189D /* AvatarListViewController.h */,
				4AE2725C1FAEE558009A189D /* AvatarListViewController.m */,
				4AF8F4AF1FB0028200494D4A /* ChatbotViewController.h */,
				4AF8F4B01FB0028200494D4A /* ChatbotViewController.m */,
			);
			path = ViewController;
			sourceTree = "<group>";
		};
		4A70F9501FABEB78000D2720 /* Modules */ = {
			isa = PBXGroup;
			children = (
				4AC2EC7B1FB7FE1000F2F8B9 /* EmotionModule */,
				4AF8F4D81FB517A000494D4A /* SpeechSynthesizerModule */,
				4AF8F4B81FB1319200494D4A /* SpeechRecognitionModule */,
				4AF8F4B21FB0040900494D4A /* DialogflowModule */,
				4A70F9581FABEC79000D2720 /* MobileService */,
				4A70F9511FABEB8F000D2720 /* ModuleManager */,
			);
			path = Modules;
			sourceTree = "<group>";
		};
		4A70F9511FABEB8F000D2720 /* ModuleManager */ = {
			isa = PBXGroup;
			children = (
				4A70F9521FABEB9E000D2720 /* SCModuleManager.h */,
				4A70F9531FABEB9E000D2720 /* SCModuleManager.m */,
				4A70F9551FABEBC8000D2720 /* SCModule.h */,
				4A70F9561FABEBC8000D2720 /* SCModule.m */,
			);
			path = ModuleManager;
			sourceTree = "<group>";
		};
		4A70F9581FABEC79000D2720 /* MobileService */ = {
			isa = PBXGroup;
			children = (
				4A70F9591FABECBF000D2720 /* MobileService.h */,
				4A70F95A1FABECBF000D2720 /* MobileService.m */,
			);
			path = MobileService;
			sourceTree = "<group>";
		};
		4AC2EC7B1FB7FE1000F2F8B9 /* EmotionModule */ = {
			isa = PBXGroup;
			children = (
				4A7A10191FBCD6C700B1127E /* EmotionModule.h */,
				4A7A101A1FBCD6C700B1127E /* EmotionModule.m */,
				4A7A101C1FBCD7D100B1127E /* EmotionDelegate.h */,
			);
			path = EmotionModule;
			sourceTree = "<group>";
		};
		4AE2724D1FAD8F39009A189D /* View */ = {
			isa = PBXGroup;
			children = (
				4AE2724E1FAD92BC009A189D /* ProfileCollectionViewCell.h */,
				4AE2724F1FAD92BC009A189D /* ProfileCollectionViewCell.m */,
				4AE2725E1FAEE5A3009A189D /* AvatarCollectionViewCell.h */,
				4AE2725F1FAEE5A3009A189D /* AvatarCollectionViewCell.m */,
			);
			path = View;
			sourceTree = "<group>";
		};
		4AF8F4B21FB0040900494D4A /* DialogflowModule */ = {
			isa = PBXGroup;
			children = (
				4AF8F4B31FB0045700494D4A /* DialogflowModule.h */,
				4AF8F4B41FB0045700494D4A /* DialogflowModule.m */,
			);
			path = DialogflowModule;
			sourceTree = "<group>";
		};
		4AF8F4B81FB1319200494D4A /* SpeechRecognitionModule */ = {
			isa = PBXGroup;
			children = (
				4AF8F4B91FB131A400494D4A /* SpeechRecognitionModule.h */,
				4AF8F4BA1FB131A400494D4A /* SpeechRecognitionModule.m */,
				4AF8F4D41FB136A400494D4A /* SpeechRecognizerDelegate.h */,
				4AF8F4D51FB1413900494D4A /* ISRDataHelper.h */,
				4AF8F4D61FB1413900494D4A /* ISRDataHelper.m */,
			);
			path = SpeechRecognitionModule;
			sourceTree = "<group>";
		};
		4AF8F4D81FB517A000494D4A /* SpeechSynthesizerModule */ = {
			isa = PBXGroup;
			children = (
				4AF8F4F21FB5210200494D4A /* pcmPlayerCode */,
				4AF8F4EF1FB51F7E00494D4A /* SpeechSynthesizerModule.h */,
				4AF8F4F01FB51F7E00494D4A /* SpeechSynthesizerModule.m */,
				4AF8F4F71FB59AC700494D4A /* SpeechSynthesizerDelegate.h */,
			);
			path = SpeechSynthesizerModule;
			sourceTree = "<group>";
		};
		4AF8F4F21FB5210200494D4A /* pcmPlayerCode */ = {
			isa = PBXGroup;
			children = (
				4AF8F4F31FB5210200494D4A /* PcmPlayer.h */,
				4AF8F4F41FB5210200494D4A /* PcmPlayerDelegate.h */,
				4AF8F4F51FB5210200494D4A /* PcmPlayer.m */,
			);
			path = pcmPlayerCode;
			sourceTree = "<group>";
		};
		A15974F31C4F42C15758444A /* Frameworks */ = {
			isa = PBXGroup;
			children = (
				4AF8F4D21FB133DC00494D4A /* CoreGraphics.framework */,
				4AF8F4D01FB133CF00494D4A /* QuartzCore.framework */,
				4AF8F4CE1FB133CF00494D4A /* AddressBook.framework */,
				4AF8F4CC1FB133C700494D4A /* Contacts.framework */,
				4AF8F4CA1FB133BF00494D4A /* CoreLocation.framework */,
				4AF8F4C81FB133B700494D4A /* UIKit.framework */,
				4AF8F4C61FB133AC00494D4A /* AudioToolbox.framework */,
				4AF8F4C41FB133A300494D4A /* CoreTelephony.framework */,
				4AF8F4C21FB1339C00494D4A /* Foundation.framework */,
				4AF8F4C01FB1339200494D4A /* SystemConfiguration.framework */,
				4AF8F4BE1FB1338B00494D4A /* AVFoundation.framework */,
				4AF8F4BC1FB1329300494D4A /* iflyMSC.framework */,
				4AF8F4AA1FAFF4CD00494D4A /* UserNotifications.framework */,
				E2C2FA99855F22EEE0319416 /* libPods-SlugBot.a */,
			);
			name = Frameworks;
			sourceTree = "<group>";
		};
/* End PBXGroup section */

/* Begin PBXNativeTarget section */
		4A70F9211FA401DD000D2720 /* SlugBot */ = {
			isa = PBXNativeTarget;
			buildConfigurationList = 4A70F9381FA401DD000D2720 /* Build configuration list for PBXNativeTarget "SlugBot" */;
			buildPhases = (
				CE5B2BD2FD93B1D77FB0F349 /* [CP] Check Pods Manifest.lock */,
				4A70F91E1FA401DD000D2720 /* Sources */,
				4A70F91F1FA401DD000D2720 /* Frameworks */,
				4A70F9201FA401DD000D2720 /* Resources */,
				EDDB4867575AF83B508633B5 /* [CP] Embed Pods Frameworks */,
				73D0BF8FF0686F651F44A942 /* [CP] Copy Pods Resources */,
			);
			buildRules = (
			);
			dependencies = (
			);
			name = SlugBot;
			productName = SlugBot;
			productReference = 4A70F9221FA401DD000D2720 /* SlugBot.app */;
			productType = "com.apple.product-type.application";
		};
/* End PBXNativeTarget section */

/* Begin PBXProject section */
		4A70F91A1FA401DD000D2720 /* Project object */ = {
			isa = PBXProject;
			attributes = {
				LastUpgradeCheck = 0900;
				ORGANIZATIONNAME = UCSC;
				TargetAttributes = {
					4A70F9211FA401DD000D2720 = {
						CreatedOnToolsVersion = 9.0;
						ProvisioningStyle = Automatic;
						SystemCapabilities = {
							com.apple.Push = {
								enabled = 1;
							};
						};
					};
				};
			};
			buildConfigurationList = 4A70F91D1FA401DD000D2720 /* Build configuration list for PBXProject "SlugBot" */;
			compatibilityVersion = "Xcode 8.0";
			developmentRegion = en;
			hasScannedForEncodings = 0;
			knownRegions = (
				en,
				Base,
				"zh-Hans",
			);
			mainGroup = 4A70F9191FA401DD000D2720;
			productRefGroup = 4A70F9231FA401DD000D2720 /* Products */;
			projectDirPath = "";
			projectRoot = "";
			targets = (
				4A70F9211FA401DD000D2720 /* SlugBot */,
			);
		};
/* End PBXProject section */

/* Begin PBXResourcesBuildPhase section */
		4A70F9201FA401DD000D2720 /* Resources */ = {
			isa = PBXResourcesBuildPhase;
			buildActionMask = 2147483647;
			files = (
				4AE272571FAECF29009A189D /* Localizable.strings in Resources */,
				4A70F92F1FA401DD000D2720 /* Assets.xcassets in Resources */,
				4A70F94F1FABCCC5000D2720 /* SCMobile.podspec in Resources */,
			);
			runOnlyForDeploymentPostprocessing = 0;
		};
/* End PBXResourcesBuildPhase section */

/* Begin PBXShellScriptBuildPhase section */
		73D0BF8FF0686F651F44A942 /* [CP] Copy Pods Resources */ = {
			isa = PBXShellScriptBuildPhase;
			buildActionMask = 2147483647;
			files = (
			);
			inputPaths = (
				"${SRCROOT}/Pods/Target Support Files/Pods-SlugBot/Pods-SlugBot-resources.sh",
				"${PODS_ROOT}/ApiAI/ApiAI/UIKit/Images/AICubeIconImage.png",
				"${PODS_ROOT}/ApiAI/ApiAI/UIKit/Images/AICubeIconImage@2x.png",
				"${PODS_ROOT}/ApiAI/ApiAI/UIKit/Images/AICubeIconImage@3x.png",
				"${PODS_ROOT}/ApiAI/ApiAI/UIKit/Images/AIMicrophoneControlImage.png",
				"${PODS_ROOT}/ApiAI/ApiAI/UIKit/Images/AIMicrophoneControlImage@2x.png",
				"${PODS_ROOT}/ApiAI/ApiAI/UIKit/Images/AIMicrophoneControlImage@3x.png",
				"${PODS_ROOT}/ApiAI/ApiAI/UIKit/Classes/AIVoiceRequestButton.xib",
				"${PODS_ROOT}/ApiAI/ApiAI/VoiceRequest/Resources/beep.caf",
				$PODS_CONFIGURATION_BUILD_DIR/gRPC/gRPCCertificates.bundle,
			);
			name = "[CP] Copy Pods Resources";
			outputPaths = (
				"${TARGET_BUILD_DIR}/${UNLOCALIZED_RESOURCES_FOLDER_PATH}",
			);
			runOnlyForDeploymentPostprocessing = 0;
			shellPath = /bin/sh;
			shellScript = "\"${SRCROOT}/Pods/Target Support Files/Pods-SlugBot/Pods-SlugBot-resources.sh\"\n";
			showEnvVarsInLog = 0;
		};
		CE5B2BD2FD93B1D77FB0F349 /* [CP] Check Pods Manifest.lock */ = {
			isa = PBXShellScriptBuildPhase;
			buildActionMask = 2147483647;
			files = (
			);
			inputPaths = (
				"${PODS_PODFILE_DIR_PATH}/Podfile.lock",
				"${PODS_ROOT}/Manifest.lock",
			);
			name = "[CP] Check Pods Manifest.lock";
			outputPaths = (
				"$(DERIVED_FILE_DIR)/Pods-SlugBot-checkManifestLockResult.txt",
			);
			runOnlyForDeploymentPostprocessing = 0;
			shellPath = /bin/sh;
			shellScript = "diff \"${PODS_PODFILE_DIR_PATH}/Podfile.lock\" \"${PODS_ROOT}/Manifest.lock\" > /dev/null\nif [ $? != 0 ] ; then\n    # print error to STDERR\n    echo \"error: The sandbox is not in sync with the Podfile.lock. Run 'pod install' or update your CocoaPods installation.\" >&2\n    exit 1\nfi\n# This output is used by Xcode 'outputs' to avoid re-running this script phase.\necho \"SUCCESS\" > \"${SCRIPT_OUTPUT_FILE_0}\"\n";
			showEnvVarsInLog = 0;
		};
		EDDB4867575AF83B508633B5 /* [CP] Embed Pods Frameworks */ = {
			isa = PBXShellScriptBuildPhase;
			buildActionMask = 2147483647;
			files = (
			);
			inputPaths = (
			);
			name = "[CP] Embed Pods Frameworks";
			outputPaths = (
			);
			runOnlyForDeploymentPostprocessing = 0;
			shellPath = /bin/sh;
			shellScript = "\"${SRCROOT}/Pods/Target Support Files/Pods-SlugBot/Pods-SlugBot-frameworks.sh\"\n";
			showEnvVarsInLog = 0;
		};
/* End PBXShellScriptBuildPhase section */

/* Begin PBXSourcesBuildPhase section */
		4A70F91E1FA401DD000D2720 /* Sources */ = {
			isa = PBXSourcesBuildPhase;
			buildActionMask = 2147483647;
			files = (
				4A70F9571FABEBC8000D2720 /* SCModule.m in Sources */,
				4AF8F4BB1FB131A400494D4A /* SpeechRecognitionModule.m in Sources */,
				4AF8F4F11FB51F7E00494D4A /* SpeechSynthesizerModule.m in Sources */,
				4AE272501FAD92BC009A189D /* ProfileCollectionViewCell.m in Sources */,
				4A70F9451FA407DF000D2720 /* AppDelegate+RootView.m in Sources */,
				4AF8F4A91FAFEEE500494D4A /* AppDelegate+Notification.m in Sources */,
				4AF8F4D71FB1413900494D4A /* ISRDataHelper.m in Sources */,
				4AF8F4A51FAF020600494D4A /* SBUser.m in Sources */,
				4AF8F4B11FB0028200494D4A /* ChatbotViewController.m in Sources */,
				4A70F9351FA401DD000D2720 /* main.m in Sources */,
				4A7A101B1FBCD6C700B1127E /* EmotionModule.m in Sources */,
				4A70F95B1FABECBF000D2720 /* MobileService.m in Sources */,
				4A70F93E1FA406FE000D2720 /* SBTool.m in Sources */,
				4A70F9541FABEB9E000D2720 /* SCModuleManager.m in Sources */,
				4A70F9491FA40A6B000D2720 /* ProfileListViewController.m in Sources */,
				4AF8F4F61FB5210200494D4A /* PcmPlayer.m in Sources */,
				4AF8F4B51FB0045700494D4A /* DialogflowModule.m in Sources */,
				4AE2725D1FAEE558009A189D /* AvatarListViewController.m in Sources */,
				4A70F9271FA401DD000D2720 /* AppDelegate.m in Sources */,
				4AE272531FAECB38009A189D /* UIColor+Util.m in Sources */,
				4AE272601FAEE5A3009A189D /* AvatarCollectionViewCell.m in Sources */,
			);
			runOnlyForDeploymentPostprocessing = 0;
		};
/* End PBXSourcesBuildPhase section */

/* Begin PBXVariantGroup section */
		4AE272591FAECF29009A189D /* Localizable.strings */ = {
			isa = PBXVariantGroup;
			children = (
				4AE272581FAECF29009A189D /* en */,
				4AE2725A1FAECF3F009A189D /* zh-Hans */,
			);
			name = Localizable.strings;
			sourceTree = "<group>";
		};
/* End PBXVariantGroup section */

/* Begin XCBuildConfiguration section */
		4A70F9361FA401DD000D2720 /* Debug */ = {
			isa = XCBuildConfiguration;
			buildSettings = {
				ALWAYS_SEARCH_USER_PATHS = NO;
				CLANG_ANALYZER_LOCALIZABILITY_NONLOCALIZED = YES;
				CLANG_ANALYZER_NONNULL = YES;
				CLANG_ANALYZER_NUMBER_OBJECT_CONVERSION = YES_AGGRESSIVE;
				CLANG_CXX_LANGUAGE_STANDARD = "gnu++14";
				CLANG_CXX_LIBRARY = "libc++";
				CLANG_ENABLE_MODULES = YES;
				CLANG_ENABLE_OBJC_ARC = YES;
				CLANG_WARN_BLOCK_CAPTURE_AUTORELEASING = YES;
				CLANG_WARN_BOOL_CONVERSION = YES;
				CLANG_WARN_COMMA = YES;
				CLANG_WARN_CONSTANT_CONVERSION = YES;
				CLANG_WARN_DIRECT_OBJC_ISA_USAGE = YES_ERROR;
				CLANG_WARN_DOCUMENTATION_COMMENTS = YES;
				CLANG_WARN_EMPTY_BODY = YES;
				CLANG_WARN_ENUM_CONVERSION = YES;
				CLANG_WARN_INFINITE_RECURSION = YES;
				CLANG_WARN_INT_CONVERSION = YES;
				CLANG_WARN_NON_LITERAL_NULL_CONVERSION = YES;
				CLANG_WARN_OBJC_LITERAL_CONVERSION = YES;
				CLANG_WARN_OBJC_ROOT_CLASS = YES_ERROR;
				CLANG_WARN_RANGE_LOOP_ANALYSIS = YES;
				CLANG_WARN_STRICT_PROTOTYPES = YES;
				CLANG_WARN_SUSPICIOUS_MOVE = YES;
				CLANG_WARN_UNGUARDED_AVAILABILITY = YES_AGGRESSIVE;
				CLANG_WARN_UNREACHABLE_CODE = YES;
				CLANG_WARN__DUPLICATE_METHOD_MATCH = YES;
				CODE_SIGN_IDENTITY = "iPhone Developer";
				COPY_PHASE_STRIP = NO;
				DEBUG_INFORMATION_FORMAT = dwarf;
				ENABLE_STRICT_OBJC_MSGSEND = YES;
				ENABLE_TESTABILITY = YES;
				GCC_C_LANGUAGE_STANDARD = gnu11;
				GCC_DYNAMIC_NO_PIC = NO;
				GCC_NO_COMMON_BLOCKS = YES;
				GCC_OPTIMIZATION_LEVEL = 0;
				GCC_PREPROCESSOR_DEFINITIONS = (
					"DEBUG=1",
					"$(inherited)",
				);
				GCC_WARN_64_TO_32_BIT_CONVERSION = YES;
				GCC_WARN_ABOUT_RETURN_TYPE = YES_ERROR;
				GCC_WARN_UNDECLARED_SELECTOR = YES;
				GCC_WARN_UNINITIALIZED_AUTOS = YES_AGGRESSIVE;
				GCC_WARN_UNUSED_FUNCTION = YES;
				GCC_WARN_UNUSED_VARIABLE = YES;
				IPHONEOS_DEPLOYMENT_TARGET = 11.0;
				MTL_ENABLE_DEBUG_INFO = YES;
				ONLY_ACTIVE_ARCH = YES;
				SDKROOT = iphoneos;
			};
			name = Debug;
		};
		4A70F9371FA401DD000D2720 /* Release */ = {
			isa = XCBuildConfiguration;
			buildSettings = {
				ALWAYS_SEARCH_USER_PATHS = NO;
				CLANG_ANALYZER_LOCALIZABILITY_NONLOCALIZED = YES;
				CLANG_ANALYZER_NONNULL = YES;
				CLANG_ANALYZER_NUMBER_OBJECT_CONVERSION = YES_AGGRESSIVE;
				CLANG_CXX_LANGUAGE_STANDARD = "gnu++14";
				CLANG_CXX_LIBRARY = "libc++";
				CLANG_ENABLE_MODULES = YES;
				CLANG_ENABLE_OBJC_ARC = YES;
				CLANG_WARN_BLOCK_CAPTURE_AUTORELEASING = YES;
				CLANG_WARN_BOOL_CONVERSION = YES;
				CLANG_WARN_COMMA = YES;
				CLANG_WARN_CONSTANT_CONVERSION = YES;
				CLANG_WARN_DIRECT_OBJC_ISA_USAGE = YES_ERROR;
				CLANG_WARN_DOCUMENTATION_COMMENTS = YES;
				CLANG_WARN_EMPTY_BODY = YES;
				CLANG_WARN_ENUM_CONVERSION = YES;
				CLANG_WARN_INFINITE_RECURSION = YES;
				CLANG_WARN_INT_CONVERSION = YES;
				CLANG_WARN_NON_LITERAL_NULL_CONVERSION = YES;
				CLANG_WARN_OBJC_LITERAL_CONVERSION = YES;
				CLANG_WARN_OBJC_ROOT_CLASS = YES_ERROR;
				CLANG_WARN_RANGE_LOOP_ANALYSIS = YES;
				CLANG_WARN_STRICT_PROTOTYPES = YES;
				CLANG_WARN_SUSPICIOUS_MOVE = YES;
				CLANG_WARN_UNGUARDED_AVAILABILITY = YES_AGGRESSIVE;
				CLANG_WARN_UNREACHABLE_CODE = YES;
				CLANG_WARN__DUPLICATE_METHOD_MATCH = YES;
				CODE_SIGN_IDENTITY = "iPhone Developer";
				COPY_PHASE_STRIP = NO;
				DEBUG_INFORMATION_FORMAT = "dwarf-with-dsym";
				ENABLE_NS_ASSERTIONS = NO;
				ENABLE_STRICT_OBJC_MSGSEND = YES;
				GCC_C_LANGUAGE_STANDARD = gnu11;
				GCC_NO_COMMON_BLOCKS = YES;
				GCC_WARN_64_TO_32_BIT_CONVERSION = YES;
				GCC_WARN_ABOUT_RETURN_TYPE = YES_ERROR;
				GCC_WARN_UNDECLARED_SELECTOR = YES;
				GCC_WARN_UNINITIALIZED_AUTOS = YES_AGGRESSIVE;
				GCC_WARN_UNUSED_FUNCTION = YES;
				GCC_WARN_UNUSED_VARIABLE = YES;
				IPHONEOS_DEPLOYMENT_TARGET = 11.0;
				MTL_ENABLE_DEBUG_INFO = NO;
				SDKROOT = iphoneos;
				VALIDATE_PRODUCT = YES;
			};
			name = Release;
		};
		4A70F9391FA401DD000D2720 /* Debug */ = {
			isa = XCBuildConfiguration;
			baseConfigurationReference = F446648B3210D39850A494F2 /* Pods-SlugBot.debug.xcconfig */;
			buildSettings = {
				ASSETCATALOG_COMPILER_APPICON_NAME = AppIcon;
				ASSETCATALOG_COMPILER_LAUNCHIMAGE_NAME = LaunchImage;
				CODE_SIGN_ENTITLEMENTS = SlugBot/SlugBot.entitlements;
				CODE_SIGN_STYLE = Automatic;
				DEVELOPMENT_TEAM = ZL5J7U42E5;
				ENABLE_BITCODE = NO;
				FRAMEWORK_SEARCH_PATHS = (
					"$(inherited)",
					"$(PROJECT_DIR)",
				);
				GCC_PREFIX_HEADER = "$(SRCROOT)/SlugBot/Header.h";
				INFOPLIST_FILE = SlugBot/Info.plist;
				LD_RUNPATH_SEARCH_PATHS = "$(inherited) @executable_path/Frameworks";
				LIBRARY_SEARCH_PATHS = (
					"$(inherited)",
					"$(PROJECT_DIR)/SlugBot/Modules/SpeechSynthesizerModule/lib",
				);
				PRODUCT_BUNDLE_IDENTIFIER = UCSC.SlugChat;
				PRODUCT_NAME = "$(TARGET_NAME)";
				TARGETED_DEVICE_FAMILY = "1,2";
			};
			name = Debug;
		};
		4A70F93A1FA401DD000D2720 /* Release */ = {
			isa = XCBuildConfiguration;
			baseConfigurationReference = 6CCB0B29F5E74A10A582CD5F /* Pods-SlugBot.release.xcconfig */;
			buildSettings = {
				ASSETCATALOG_COMPILER_APPICON_NAME = AppIcon;
				ASSETCATALOG_COMPILER_LAUNCHIMAGE_NAME = LaunchImage;
				CODE_SIGN_ENTITLEMENTS = SlugBot/SlugBot.entitlements;
				CODE_SIGN_STYLE = Automatic;
				DEVELOPMENT_TEAM = ZL5J7U42E5;
				ENABLE_BITCODE = NO;
				FRAMEWORK_SEARCH_PATHS = (
					"$(inherited)",
					"$(PROJECT_DIR)",
				);
				GCC_PREFIX_HEADER = "$(SRCROOT)/SlugBot/Header.h";
				INFOPLIST_FILE = SlugBot/Info.plist;
				LD_RUNPATH_SEARCH_PATHS = "$(inherited) @executable_path/Frameworks";
				LIBRARY_SEARCH_PATHS = (
					"$(inherited)",
					"$(PROJECT_DIR)/SlugBot/Modules/SpeechSynthesizerModule/lib",
				);
				PRODUCT_BUNDLE_IDENTIFIER = UCSC.SlugChat;
				PRODUCT_NAME = "$(TARGET_NAME)";
				TARGETED_DEVICE_FAMILY = "1,2";
			};
			name = Release;
		};
/* End XCBuildConfiguration section */

/* Begin XCConfigurationList section */
		4A70F91D1FA401DD000D2720 /* Build configuration list for PBXProject "SlugBot" */ = {
			isa = XCConfigurationList;
			buildConfigurations = (
				4A70F9361FA401DD000D2720 /* Debug */,
				4A70F9371FA401DD000D2720 /* Release */,
			);
			defaultConfigurationIsVisible = 0;
			defaultConfigurationName = Release;
		};
		4A70F9381FA401DD000D2720 /* Build configuration list for PBXNativeTarget "SlugBot" */ = {
			isa = XCConfigurationList;
			buildConfigurations = (
				4A70F9391FA401DD000D2720 /* Debug */,
				4A70F93A1FA401DD000D2720 /* Release */,
			);
			defaultConfigurationIsVisible = 0;
			defaultConfigurationName = Release;
		};
/* End XCConfigurationList section */
	};
	rootObject = 4A70F91A1FA401DD000D2720 /* Project object */;
}
